
Microsoft Visual Studio Solution File, Format Version 12.00
# Visual Studio Version 16
VisualStudioVersion = 16.0.28803.352
MinimumVisualStudioVersion = 10.0.40219.1
Project("{888888A0-9F3D-457C-B088-3A5042F75D52}") = "Ladder riding Python", "Ladder riding Python\Ladder riding Python.pyproj", "{A790BFD2-094F-4259-95E8-D9AFCC14E9D2}"
EndProject
Global
	GlobalSection(SolutionConfigurationPlatforms) = preSolution
		Debug|Any CPU = Debug|Any CPU
		Release|Any CPU = Release|Any CPU
	EndGlobalSection
	GlobalSection(ProjectConfigurationPlatforms) = postSolution
		{A790BFD2-094F-4259-95E8-D9AFCC14E9D2}.Debug|Any CPU.ActiveCfg = Debug|Any CPU
		{A790BFD2-094F-4259-95E8-D9AFCC14E9D2}.Release|Any CPU.ActiveCfg = Release|Any CPU
	EndGlobalSection
	GlobalSection(SolutionProperties) = preSolution
		HideSolutionNode = FALSE
	EndGlobalSection
	GlobalSection(ExtensibilityGlobals) = postSolution
		SolutionGuid = {11B7B5C2-3F23-4A93-A1A9-AF5DB743C03B}
	EndGlobalSection
EndGlobal
